
Microsoft Visual Studio Solution File, Format Version 12.00
# Visual Studio Version 17
VisualStudioVersion = 17.1.32210.238
MinimumVisualStudioVersion = 10.0.40219.1
Project("{FAE04EC0-301F-11D3-BF4B-00C04F79EFBC}") = "Resolucao_Atividade08", "Resolucao_Atividade08.csproj", "{A208957B-A1E6-43E1-8407-9F29067D01C5}"
EndProject
Global
	GlobalSection(SolutionConfigurationPlatforms) = preSolution
		Debug|Any CPU = Debug|Any CPU
		Release|Any CPU = Release|Any CPU
	EndGlobalSection
	GlobalSection(ProjectConfigurationPlatforms) = postSolution
		{A208957B-A1E6-43E1-8407-9F29067D01C5}.Debug|Any CPU.ActiveCfg = Debug|Any CPU
		{A208957B-A1E6-43E1-8407-9F29067D01C5}.Debug|Any CPU.Build.0 = Debug|Any CPU
		{A208957B-A1E6-43E1-8407-9F29067D01C5}.Release|Any CPU.ActiveCfg = Release|Any CPU
		{A208957B-A1E6-43E1-8407-9F29067D01C5}.Release|Any CPU.Build.0 = Release|Any CPU
	EndGlobalSection
	GlobalSection(SolutionProperties) = preSolution
		HideSolutionNode = FALSE
	EndGlobalSection
	GlobalSection(ExtensibilityGlobals) = postSolution
		SolutionGuid = {8D2477DA-D7FC-4FA3-BB05-B751B5B449E0}
	EndGlobalSection
EndGlobal
