
Microsoft Visual Studio Solution File, Format Version 12.00
# Visual Studio Version 17
VisualStudioVersion = 17.1.32210.238
MinimumVisualStudioVersion = 10.0.40219.1
Project("{FAE04EC0-301F-11D3-BF4B-00C04F79EFBC}") = "Resolucao_Desafio", "Resolucao_Desafio.csproj", "{CE9666C2-28E2-47E8-98EF-2706CF7DE382}"
EndProject
Global
	GlobalSection(SolutionConfigurationPlatforms) = preSolution
		Debug|Any CPU = Debug|Any CPU
		Release|Any CPU = Release|Any CPU
	EndGlobalSection
	GlobalSection(ProjectConfigurationPlatforms) = postSolution
		{CE9666C2-28E2-47E8-98EF-2706CF7DE382}.Debug|Any CPU.ActiveCfg = Debug|Any CPU
		{CE9666C2-28E2-47E8-98EF-2706CF7DE382}.Debug|Any CPU.Build.0 = Debug|Any CPU
		{CE9666C2-28E2-47E8-98EF-2706CF7DE382}.Release|Any CPU.ActiveCfg = Release|Any CPU
		{CE9666C2-28E2-47E8-98EF-2706CF7DE382}.Release|Any CPU.Build.0 = Release|Any CPU
	EndGlobalSection
	GlobalSection(SolutionProperties) = preSolution
		HideSolutionNode = FALSE
	EndGlobalSection
	GlobalSection(ExtensibilityGlobals) = postSolution
		SolutionGuid = {EF4512B1-021F-426D-AF3A-E8314A82B9E9}
	EndGlobalSection
EndGlobal
